// !$*UTF8*$!
{
	archiveVersion = 1;
	classes = {
	};
	objectVersion = 48;
	objects = {

/* Begin PBXBuildFile section */
		1E530296206934E20010D78A /* DZRequestMananger.m in Sources */ = {isa = PBXBuildFile; fileRef = 1E530294206934DC0010D78A /* DZRequestMananger.m */; };
		1E530297206934E50010D78A /* DZRequestParams.m in Sources */ = {isa = PBXBuildFile; fileRef = 1E530295206934DC0010D78A /* DZRequestParams.m */; };
		1E530298206934E80010D78A /* DZResponseHandler.m in Sources */ = {isa = PBXBuildFile; fileRef = 1E530291206934DC0010D78A /* DZResponseHandler.m */; };
		1EA0479E2069E6D30029C481 /* DZTitleView.m in Sources */ = {isa = PBXBuildFile; fileRef = 1EA0479D2069E6D30029C481 /* DZTitleView.m */; };
		1EA047A22069EA8B0029C481 /* DZBaseViewController.m in Sources */ = {isa = PBXBuildFile; fileRef = 1EA047A12069EA8B0029C481 /* DZBaseViewController.m */; };
		1EA047A52069EDAD0029C481 /* DZHomeViewController.m in Sources */ = {isa = PBXBuildFile; fileRef = 1EA047A42069EDAD0029C481 /* DZHomeViewController.m */; };
		1EA047A82069EE360029C481 /* DZMineViewController.m in Sources */ = {isa = PBXBuildFile; fileRef = 1EA047A72069EE360029C481 /* DZMineViewController.m */; };
		1EA047AB2069F09F0029C481 /* DZTabBarViewController.m in Sources */ = {isa = PBXBuildFile; fileRef = 1EA047AA2069F09F0029C481 /* DZTabBarViewController.m */; };
		1EA047AE206A10170029C481 /* DZTableViewController.m in Sources */ = {isa = PBXBuildFile; fileRef = 1EA047AD206A10170029C481 /* DZTableViewController.m */; };
		1EA047B1206A1D1A0029C481 /* DZTestAdapter.m in Sources */ = {isa = PBXBuildFile; fileRef = 1EA047B0206A1D190029C481 /* DZTestAdapter.m */; };
		1EA047B3206BE1F00029C481 /* Default-568h@2x.png in Resources */ = {isa = PBXBuildFile; fileRef = 1EA047B2206BE1F00029C481 /* Default-568h@2x.png */; };
		1EAD73C72068CD1C00BD7EF7 /* AppDelegate.m in Sources */ = {isa = PBXBuildFile; fileRef = 1EAD73C62068CD1C00BD7EF7 /* AppDelegate.m */; };
		1EAD73CF2068CD1C00BD7EF7 /* Assets.xcassets in Resources */ = {isa = PBXBuildFile; fileRef = 1EAD73CE2068CD1C00BD7EF7 /* Assets.xcassets */; };
		1EAD73D52068CD1C00BD7EF7 /* main.m in Sources */ = {isa = PBXBuildFile; fileRef = 1EAD73D42068CD1C00BD7EF7 /* main.m */; };
		1EAD73F02068EA1100BD7EF7 /* UIColor+Instance.m in Sources */ = {isa = PBXBuildFile; fileRef = 1EAD73E72068E3F100BD7EF7 /* UIColor+Instance.m */; };
		1EAD73F12068EA1900BD7EF7 /* DZApplication.m in Sources */ = {isa = PBXBuildFile; fileRef = 1EAD73EC2068E62B00BD7EF7 /* DZApplication.m */; };
		1EAD73F22068EA1D00BD7EF7 /* HudUtils.m in Sources */ = {isa = PBXBuildFile; fileRef = 1EAD73EF2068E77300BD7EF7 /* HudUtils.m */; };
		1EAD73F52068EB8800BD7EF7 /* DZAlertview.m in Sources */ = {isa = PBXBuildFile; fileRef = 1EAD73F42068EB8800BD7EF7 /* DZAlertview.m */; };
		1EAD73F82068ECCB00BD7EF7 /* DZPathGetter.m in Sources */ = {isa = PBXBuildFile; fileRef = 1EAD73F72068ECCB00BD7EF7 /* DZPathGetter.m */; };
		1EAD74032068EE5700BD7EF7 /* UIToolbar+Builder.m in Sources */ = {isa = PBXBuildFile; fileRef = 1EAD74022068EE4400BD7EF7 /* UIToolbar+Builder.m */; };
		1EAD74042068EE5A00BD7EF7 /* NSString+PDRegex.m in Sources */ = {isa = PBXBuildFile; fileRef = 1EAD74002068EE4400BD7EF7 /* NSString+PDRegex.m */; };
		1EAD74052068EE5E00BD7EF7 /* NSString+MD5.m in Sources */ = {isa = PBXBuildFile; fileRef = 1EAD73FE2068EE4400BD7EF7 /* NSString+MD5.m */; };
		1EAD74062068EE6100BD7EF7 /* NSDate+AES.m in Sources */ = {isa = PBXBuildFile; fileRef = 1EAD73FC2068EE4400BD7EF7 /* NSDate+AES.m */; };
		1EAD740D2068EF5300BD7EF7 /* UITableView+Adapter.m in Sources */ = {isa = PBXBuildFile; fileRef = 1EAD740C2068EF5300BD7EF7 /* UITableView+Adapter.m */; };
		1EAD74102068EF9900BD7EF7 /* DZTableViewAdapter.m in Sources */ = {isa = PBXBuildFile; fileRef = 1EAD740F2068EF9900BD7EF7 /* DZTableViewAdapter.m */; };
		340AD05E867BF2A0E9D98DE5 /* libPods-DZJY.a in Frameworks */ = {isa = PBXBuildFile; fileRef = FE38328D711D756068A077C2 /* libPods-DZJY.a */; };
/* End PBXBuildFile section */

/* Begin PBXFileReference section */
		1E530290206934DC0010D78A /* DZResponseHandler.h */ = {isa = PBXFileReference; lastKnownFileType = sourcecode.c.h; name = DZResponseHandler.h; path = DZJY/model/net/DZResponseHandler.h; sourceTree = SOURCE_ROOT; };
		1E530291206934DC0010D78A /* DZResponseHandler.m */ = {isa = PBXFileReference; lastKnownFileType = sourcecode.c.objc; name = DZResponseHandler.m; path = DZJY/model/net/DZResponseHandler.m; sourceTree = SOURCE_ROOT; };
		1E530292206934DC0010D78A /* DZRequestParams.h */ = {isa = PBXFileReference; lastKnownFileType = sourcecode.c.h; name = DZRequestParams.h; path = DZJY/model/net/DZRequestParams.h; sourceTree = SOURCE_ROOT; };
		1E530293206934DC0010D78A /* DZRequestMananger.h */ = {isa = PBXFileReference; lastKnownFileType = sourcecode.c.h; name = DZRequestMananger.h; path = DZJY/model/net/DZRequestMananger.h; sourceTree = SOURCE_ROOT; };
		1E530294206934DC0010D78A /* DZRequestMananger.m */ = {isa = PBXFileReference; lastKnownFileType = sourcecode.c.objc; name = DZRequestMananger.m; path = DZJY/model/net/DZRequestMananger.m; sourceTree = SOURCE_ROOT; };
		1E530295206934DC0010D78A /* DZRequestParams.m */ = {isa = PBXFileReference; lastKnownFileType = sourcecode.c.objc; name = DZRequestParams.m; path = DZJY/model/net/DZRequestParams.m; sourceTree = SOURCE_ROOT; };
		1EA0479C2069E6D30029C481 /* DZTitleView.h */ = {isa = PBXFileReference; lastKnownFileType = sourcecode.c.h; path = DZTitleView.h; sourceTree = "<group>"; };
		1EA0479D2069E6D30029C481 /* DZTitleView.m */ = {isa = PBXFileReference; lastKnownFileType = sourcecode.c.objc; path = DZTitleView.m; sourceTree = "<group>"; };
		1EA047A02069EA8B0029C481 /* DZBaseViewController.h */ = {isa = PBXFileReference; lastKnownFileType = sourcecode.c.h; path = DZBaseViewController.h; sourceTree = "<group>"; };
		1EA047A12069EA8B0029C481 /* DZBaseViewController.m */ = {isa = PBXFileReference; lastKnownFileType = sourcecode.c.objc; path = DZBaseViewController.m; sourceTree = "<group>"; };
		1EA047A32069EDAD0029C481 /* DZHomeViewController.h */ = {isa = PBXFileReference; lastKnownFileType = sourcecode.c.h; path = DZHomeViewController.h; sourceTree = "<group>"; };
		1EA047A42069EDAD0029C481 /* DZHomeViewController.m */ = {isa = PBXFileReference; lastKnownFileType = sourcecode.c.objc; path = DZHomeViewController.m; sourceTree = "<group>"; };
		1EA047A62069EE360029C481 /* DZMineViewController.h */ = {isa = PBXFileReference; lastKnownFileType = sourcecode.c.h; path = DZMineViewController.h; sourceTree = "<group>"; };
		1EA047A72069EE360029C481 /* DZMineViewController.m */ = {isa = PBXFileReference; lastKnownFileType = sourcecode.c.objc; path = DZMineViewController.m; sourceTree = "<group>"; };
		1EA047A92069F09F0029C481 /* DZTabBarViewController.h */ = {isa = PBXFileReference; lastKnownFileType = sourcecode.c.h; path = DZTabBarViewController.h; sourceTree = "<group>"; };
		1EA047AA2069F09F0029C481 /* DZTabBarViewController.m */ = {isa = PBXFileReference; lastKnownFileType = sourcecode.c.objc; path = DZTabBarViewController.m; sourceTree = "<group>"; };
		1EA047AC206A10170029C481 /* DZTableViewController.h */ = {isa = PBXFileReference; lastKnownFileType = sourcecode.c.h; path = DZTableViewController.h; sourceTree = "<group>"; };
		1EA047AD206A10170029C481 /* DZTableViewController.m */ = {isa = PBXFileReference; lastKnownFileType = sourcecode.c.objc; path = DZTableViewController.m; sourceTree = "<group>"; };
		1EA047AF206A1D190029C481 /* DZTestAdapter.h */ = {isa = PBXFileReference; lastKnownFileType = sourcecode.c.h; path = DZTestAdapter.h; sourceTree = "<group>"; };
		1EA047B0206A1D190029C481 /* DZTestAdapter.m */ = {isa = PBXFileReference; lastKnownFileType = sourcecode.c.objc; path = DZTestAdapter.m; sourceTree = "<group>"; };
		1EA047B2206BE1F00029C481 /* Default-568h@2x.png */ = {isa = PBXFileReference; lastKnownFileType = image.png; path = "Default-568h@2x.png"; sourceTree = "<group>"; };
		1EAD73C22068CD1C00BD7EF7 /* DZJY.app */ = {isa = PBXFileReference; explicitFileType = wrapper.application; includeInIndex = 0; path = DZJY.app; sourceTree = BUILT_PRODUCTS_DIR; };
		1EAD73C52068CD1C00BD7EF7 /* AppDelegate.h */ = {isa = PBXFileReference; lastKnownFileType = sourcecode.c.h; path = AppDelegate.h; sourceTree = "<group>"; };
		1EAD73C62068CD1C00BD7EF7 /* AppDelegate.m */ = {isa = PBXFileReference; lastKnownFileType = sourcecode.c.objc; path = AppDelegate.m; sourceTree = "<group>"; };
		1EAD73CE2068CD1C00BD7EF7 /* Assets.xcassets */ = {isa = PBXFileReference; lastKnownFileType = folder.assetcatalog; path = Assets.xcassets; sourceTree = "<group>"; };
		1EAD73D32068CD1C00BD7EF7 /* Info.plist */ = {isa = PBXFileReference; lastKnownFileType = text.plist.xml; path = Info.plist; sourceTree = "<group>"; };
		1EAD73D42068CD1C00BD7EF7 /* main.m */ = {isa = PBXFileReference; lastKnownFileType = sourcecode.c.objc; path = main.m; sourceTree = "<group>"; };
		1EAD73E62068E3F100BD7EF7 /* CWLSynthesizeSingleton.h */ = {isa = PBXFileReference; lastKnownFileType = sourcecode.c.h; path = CWLSynthesizeSingleton.h; sourceTree = "<group>"; };
		1EAD73E72068E3F100BD7EF7 /* UIColor+Instance.m */ = {isa = PBXFileReference; lastKnownFileType = sourcecode.c.objc; path = "UIColor+Instance.m"; sourceTree = "<group>"; };
		1EAD73E82068E3F100BD7EF7 /* UIColor+Instance.h */ = {isa = PBXFileReference; lastKnownFileType = sourcecode.c.h; path = "UIColor+Instance.h"; sourceTree = "<group>"; };
		1EAD73EB2068E4E500BD7EF7 /* DZHeader.h */ = {isa = PBXFileReference; lastKnownFileType = sourcecode.c.h; path = DZHeader.h; sourceTree = "<group>"; };
		1EAD73EC2068E62B00BD7EF7 /* DZApplication.m */ = {isa = PBXFileReference; lastKnownFileType = sourcecode.c.objc; path = DZApplication.m; sourceTree = "<group>"; };
		1EAD73ED2068E62B00BD7EF7 /* DZApplication.h */ = {isa = PBXFileReference; lastKnownFileType = sourcecode.c.h; path = DZApplication.h; sourceTree = "<group>"; };
		1EAD73EE2068E77300BD7EF7 /* HudUtils.h */ = {isa = PBXFileReference; lastKnownFileType = sourcecode.c.h; path = HudUtils.h; sourceTree = "<group>"; };
		1EAD73EF2068E77300BD7EF7 /* HudUtils.m */ = {isa = PBXFileReference; lastKnownFileType = sourcecode.c.objc; path = HudUtils.m; sourceTree = "<group>"; };
		1EAD73F32068EB8700BD7EF7 /* DZAlertview.h */ = {isa = PBXFileReference; lastKnownFileType = sourcecode.c.h; path = DZAlertview.h; sourceTree = "<group>"; };
		1EAD73F42068EB8800BD7EF7 /* DZAlertview.m */ = {isa = PBXFileReference; lastKnownFileType = sourcecode.c.objc; path = DZAlertview.m; sourceTree = "<group>"; };
		1EAD73F62068ECCB00BD7EF7 /* DZPathGetter.h */ = {isa = PBXFileReference; lastKnownFileType = sourcecode.c.h; path = DZPathGetter.h; sourceTree = "<group>"; };
		1EAD73F72068ECCB00BD7EF7 /* DZPathGetter.m */ = {isa = PBXFileReference; lastKnownFileType = sourcecode.c.objc; path = DZPathGetter.m; sourceTree = "<group>"; };
		1EAD73FB2068EE4400BD7EF7 /* NSDate+AES.h */ = {isa = PBXFileReference; lastKnownFileType = sourcecode.c.h; path = "NSDate+AES.h"; sourceTree = "<group>"; };
		1EAD73FC2068EE4400BD7EF7 /* NSDate+AES.m */ = {isa = PBXFileReference; lastKnownFileType = sourcecode.c.objc; path = "NSDate+AES.m"; sourceTree = "<group>"; };
		1EAD73FD2068EE4400BD7EF7 /* NSString+MD5.h */ = {isa = PBXFileReference; lastKnownFileType = sourcecode.c.h; path = "NSString+MD5.h"; sourceTree = "<group>"; };
		1EAD73FE2068EE4400BD7EF7 /* NSString+MD5.m */ = {isa = PBXFileReference; lastKnownFileType = sourcecode.c.objc; path = "NSString+MD5.m"; sourceTree = "<group>"; };
		1EAD73FF2068EE4400BD7EF7 /* NSString+PDRegex.h */ = {isa = PBXFileReference; lastKnownFileType = sourcecode.c.h; path = "NSString+PDRegex.h"; sourceTree = "<group>"; };
		1EAD74002068EE4400BD7EF7 /* NSString+PDRegex.m */ = {isa = PBXFileReference; lastKnownFileType = sourcecode.c.objc; path = "NSString+PDRegex.m"; sourceTree = "<group>"; };
		1EAD74012068EE4400BD7EF7 /* UIToolbar+Builder.h */ = {isa = PBXFileReference; lastKnownFileType = sourcecode.c.h; path = "UIToolbar+Builder.h"; sourceTree = "<group>"; };
		1EAD74022068EE4400BD7EF7 /* UIToolbar+Builder.m */ = {isa = PBXFileReference; lastKnownFileType = sourcecode.c.objc; path = "UIToolbar+Builder.m"; sourceTree = "<group>"; };
		1EAD740B2068EF5300BD7EF7 /* UITableView+Adapter.h */ = {isa = PBXFileReference; lastKnownFileType = sourcecode.c.h; path = "UITableView+Adapter.h"; sourceTree = "<group>"; };
		1EAD740C2068EF5300BD7EF7 /* UITableView+Adapter.m */ = {isa = PBXFileReference; lastKnownFileType = sourcecode.c.objc; path = "UITableView+Adapter.m"; sourceTree = "<group>"; };
		1EAD740E2068EF9900BD7EF7 /* DZTableViewAdapter.h */ = {isa = PBXFileReference; lastKnownFileType = sourcecode.c.h; path = DZTableViewAdapter.h; sourceTree = "<group>"; };
		1EAD740F2068EF9900BD7EF7 /* DZTableViewAdapter.m */ = {isa = PBXFileReference; lastKnownFileType = sourcecode.c.objc; path = DZTableViewAdapter.m; sourceTree = "<group>"; };
		42658121941B52AEDD69FFE3 /* Pods-DZJY.debug.xcconfig */ = {isa = PBXFileReference; includeInIndex = 1; lastKnownFileType = text.xcconfig; name = "Pods-DZJY.debug.xcconfig"; path = "Pods/Target Support Files/Pods-DZJY/Pods-DZJY.debug.xcconfig"; sourceTree = "<group>"; };
		F150777D512D1550EFA07AB0 /* Pods-DZJY.release.xcconfig */ = {isa = PBXFileReference; includeInIndex = 1; lastKnownFileType = text.xcconfig; name = "Pods-DZJY.release.xcconfig"; path = "Pods/Target Support Files/Pods-DZJY/Pods-DZJY.release.xcconfig"; sourceTree = "<group>"; };
		FE38328D711D756068A077C2 /* libPods-DZJY.a */ = {isa = PBXFileReference; explicitFileType = archive.ar; includeInIndex = 0; path = "libPods-DZJY.a"; sourceTree = BUILT_PRODUCTS_DIR; };
/* End PBXFileReference section */

/* Begin PBXFrameworksBuildPhase section */
		1EAD73BF2068CD1C00BD7EF7 /* Frameworks */ = {
			isa = PBXFrameworksBuildPhase;
			buildActionMask = 2147483647;
			files = (
				340AD05E867BF2A0E9D98DE5 /* libPods-DZJY.a in Frameworks */,
			);
			runOnlyForDeploymentPostprocessing = 0;
		};
/* End PBXFrameworksBuildPhase section */

/* Begin PBXGroup section */
		1E53027E20692F580010D78A /* net */ = {
			isa = PBXGroup;
			children = (
				1E530293206934DC0010D78A /* DZRequestMananger.h */,
				1E530294206934DC0010D78A /* DZRequestMananger.m */,
				1E530292206934DC0010D78A /* DZRequestParams.h */,
				1E530295206934DC0010D78A /* DZRequestParams.m */,
				1E530290206934DC0010D78A /* DZResponseHandler.h */,
				1E530291206934DC0010D78A /* DZResponseHandler.m */,
			);
			name = net;
			path = "New Group";
			sourceTree = "<group>";
		};
		1EA0479B2069E6A90029C481 /* common */ = {
			isa = PBXGroup;
			children = (
				1EA0479C2069E6D30029C481 /* DZTitleView.h */,
				1EA0479D2069E6D30029C481 /* DZTitleView.m */,
			);
			path = common;
			sourceTree = "<group>";
		};
		1EA0479F2069EA660029C481 /* common */ = {
			isa = PBXGroup;
			children = (
				1EA047A02069EA8B0029C481 /* DZBaseViewController.h */,
				1EA047A12069EA8B0029C481 /* DZBaseViewController.m */,
				1EA047A32069EDAD0029C481 /* DZHomeViewController.h */,
				1EA047A42069EDAD0029C481 /* DZHomeViewController.m */,
				1EA047A62069EE360029C481 /* DZMineViewController.h */,
				1EA047A72069EE360029C481 /* DZMineViewController.m */,
				1EA047A92069F09F0029C481 /* DZTabBarViewController.h */,
				1EA047AA2069F09F0029C481 /* DZTabBarViewController.m */,
				1EA047AC206A10170029C481 /* DZTableViewController.h */,
				1EA047AD206A10170029C481 /* DZTableViewController.m */,
			);
			path = common;
			sourceTree = "<group>";
		};
		1EAD73B92068CD1C00BD7EF7 = {
			isa = PBXGroup;
			children = (
				1EA047B2206BE1F00029C481 /* Default-568h@2x.png */,
				1EAD73C42068CD1C00BD7EF7 /* DZJY */,
				1EAD73C32068CD1C00BD7EF7 /* Products */,
				DDE359CC3F418F89C861B70E /* Pods */,
				55A06B6B64BD46CC37D05BD8 /* Frameworks */,
			);
			sourceTree = "<group>";
		};
		1EAD73C32068CD1C00BD7EF7 /* Products */ = {
			isa = PBXGroup;
			children = (
				1EAD73C22068CD1C00BD7EF7 /* DZJY.app */,
			);
			name = Products;
			sourceTree = "<group>";
		};
		1EAD73C42068CD1C00BD7EF7 /* DZJY */ = {
			isa = PBXGroup;
			children = (
				1EAD73E42068E36A00BD7EF7 /* controller */,
				1EAD73E32068E36100BD7EF7 /* view */,
				1EAD73E22068E35700BD7EF7 /* cell */,
				1EAD73E12068E34900BD7EF7 /* model */,
				1EAD73C52068CD1C00BD7EF7 /* AppDelegate.h */,
				1EAD73C62068CD1C00BD7EF7 /* AppDelegate.m */,
				1EAD73CE2068CD1C00BD7EF7 /* Assets.xcassets */,
				1EAD73D32068CD1C00BD7EF7 /* Info.plist */,
				1EAD73D42068CD1C00BD7EF7 /* main.m */,
				1EAD73EB2068E4E500BD7EF7 /* DZHeader.h */,
			);
			path = DZJY;
			sourceTree = "<group>";
		};
		1EAD73E12068E34900BD7EF7 /* model */ = {
			isa = PBXGroup;
			children = (
				1E53027E20692F580010D78A /* net */,
				1EAD74072068EEC300BD7EF7 /* tableView */,
				1EAD73FA2068EE4400BD7EF7 /* category */,
				1EAD73E52068E37D00BD7EF7 /* commen */,
			);
			path = model;
			sourceTree = "<group>";
		};
		1EAD73E22068E35700BD7EF7 /* cell */ = {
			isa = PBXGroup;
			children = (
			);
			path = cell;
			sourceTree = "<group>";
		};
		1EAD73E32068E36100BD7EF7 /* view */ = {
			isa = PBXGroup;
			children = (
				1EA0479B2069E6A90029C481 /* common */,
			);
			path = view;
			sourceTree = "<group>";
		};
		1EAD73E42068E36A00BD7EF7 /* controller */ = {
			isa = PBXGroup;
			children = (
				1EA0479F2069EA660029C481 /* common */,
			);
			path = controller;
			sourceTree = "<group>";
		};
		1EAD73E52068E37D00BD7EF7 /* commen */ = {
			isa = PBXGroup;
			children = (
				1EAD73F62068ECCB00BD7EF7 /* DZPathGetter.h */,
				1EAD73F72068ECCB00BD7EF7 /* DZPathGetter.m */,
				1EAD73F32068EB8700BD7EF7 /* DZAlertview.h */,
				1EAD73F42068EB8800BD7EF7 /* DZAlertview.m */,
				1EAD73EE2068E77300BD7EF7 /* HudUtils.h */,
				1EAD73EF2068E77300BD7EF7 /* HudUtils.m */,
				1EAD73ED2068E62B00BD7EF7 /* DZApplication.h */,
				1EAD73EC2068E62B00BD7EF7 /* DZApplication.m */,
				1EAD73E62068E3F100BD7EF7 /* CWLSynthesizeSingleton.h */,
				1EAD73E82068E3F100BD7EF7 /* UIColor+Instance.h */,
				1EAD73E72068E3F100BD7EF7 /* UIColor+Instance.m */,
			);
			path = commen;
			sourceTree = "<group>";
		};
		1EAD73FA2068EE4400BD7EF7 /* category */ = {
			isa = PBXGroup;
			children = (
				1EAD73FB2068EE4400BD7EF7 /* NSDate+AES.h */,
				1EAD73FC2068EE4400BD7EF7 /* NSDate+AES.m */,
				1EAD73FD2068EE4400BD7EF7 /* NSString+MD5.h */,
				1EAD73FE2068EE4400BD7EF7 /* NSString+MD5.m */,
				1EAD73FF2068EE4400BD7EF7 /* NSString+PDRegex.h */,
				1EAD74002068EE4400BD7EF7 /* NSString+PDRegex.m */,
				1EAD74012068EE4400BD7EF7 /* UIToolbar+Builder.h */,
				1EAD74022068EE4400BD7EF7 /* UIToolbar+Builder.m */,
			);
			path = category;
			sourceTree = "<group>";
		};
		1EAD74072068EEC300BD7EF7 /* tableView */ = {
			isa = PBXGroup;
			children = (
				1EAD740B2068EF5300BD7EF7 /* UITableView+Adapter.h */,
				1EAD740C2068EF5300BD7EF7 /* UITableView+Adapter.m */,
				1EAD740E2068EF9900BD7EF7 /* DZTableViewAdapter.h */,
				1EAD740F2068EF9900BD7EF7 /* DZTableViewAdapter.m */,
				1EA047AF206A1D190029C481 /* DZTestAdapter.h */,
				1EA047B0206A1D190029C481 /* DZTestAdapter.m */,
			);
			path = tableView;
			sourceTree = "<group>";
		};
		55A06B6B64BD46CC37D05BD8 /* Frameworks */ = {
			isa = PBXGroup;
			children = (
				FE38328D711D756068A077C2 /* libPods-DZJY.a */,
			);
			name = Frameworks;
			sourceTree = "<group>";
		};
		DDE359CC3F418F89C861B70E /* Pods */ = {
			isa = PBXGroup;
			children = (
				42658121941B52AEDD69FFE3 /* Pods-DZJY.debug.xcconfig */,
				F150777D512D1550EFA07AB0 /* Pods-DZJY.release.xcconfig */,
			);
			name = Pods;
			sourceTree = "<group>";
		};
/* End PBXGroup section */

/* Begin PBXNativeTarget section */
		1EAD73C12068CD1C00BD7EF7 /* DZJY */ = {
			isa = PBXNativeTarget;
			buildConfigurationList = 1EAD73D82068CD1C00BD7EF7 /* Build configuration list for PBXNativeTarget "DZJY" */;
			buildPhases = (
				FCE56D67D9BE848D7E33A4EF /* [CP] Check Pods Manifest.lock */,
				1EAD73BE2068CD1C00BD7EF7 /* Sources */,
				1EAD73BF2068CD1C00BD7EF7 /* Frameworks */,
				1EAD73C02068CD1C00BD7EF7 /* Resources */,
				ABC14326E878A8ACE5C24382 /* [CP] Embed Pods Frameworks */,
				EC0A627E6D46DF7D5D8CF471 /* [CP] Copy Pods Resources */,
			);
			buildRules = (
			);
			dependencies = (
			);
			name = DZJY;
			productName = DZJY;
			productReference = 1EAD73C22068CD1C00BD7EF7 /* DZJY.app */;
			productType = "com.apple.product-type.application";
		};
/* End PBXNativeTarget section */

/* Begin PBXProject section */
		1EAD73BA2068CD1C00BD7EF7 /* Project object */ = {
			isa = PBXProject;
			attributes = {
				LastUpgradeCheck = 0900;
				ORGANIZATIONNAME = wangaiguo;
				TargetAttributes = {
					1EAD73C12068CD1C00BD7EF7 = {
						CreatedOnToolsVersion = 9.0;
						ProvisioningStyle = Manual;
					};
				};
			};
			buildConfigurationList = 1EAD73BD2068CD1C00BD7EF7 /* Build configuration list for PBXProject "DZJY" */;
			compatibilityVersion = "Xcode 8.0";
			developmentRegion = en;
			hasScannedForEncodings = 0;
			knownRegions = (
				en,
				Base,
			);
			mainGroup = 1EAD73B92068CD1C00BD7EF7;
			productRefGroup = 1EAD73C32068CD1C00BD7EF7 /* Products */;
			projectDirPath = "";
			projectRoot = "";
			targets = (
				1EAD73C12068CD1C00BD7EF7 /* DZJY */,
			);
		};
/* End PBXProject section */

/* Begin PBXResourcesBuildPhase section */
		1EAD73C02068CD1C00BD7EF7 /* Resources */ = {
			isa = PBXResourcesBuildPhase;
			buildActionMask = 2147483647;
			files = (
				1EAD73CF2068CD1C00BD7EF7 /* Assets.xcassets in Resources */,
				1EA047B3206BE1F00029C481 /* Default-568h@2x.png in Resources */,
			);
			runOnlyForDeploymentPostprocessing = 0;
		};
/* End PBXResourcesBuildPhase section */

/* Begin PBXShellScriptBuildPhase section */
		ABC14326E878A8ACE5C24382 /* [CP] Embed Pods Frameworks */ = {
			isa = PBXShellScriptBuildPhase;
			buildActionMask = 2147483647;
			files = (
			);
			inputPaths = (
			);
			name = "[CP] Embed Pods Frameworks";
			outputPaths = (
			);
			runOnlyForDeploymentPostprocessing = 0;
			shellPath = /bin/sh;
			shellScript = "\"${SRCROOT}/Pods/Target Support Files/Pods-DZJY/Pods-DZJY-frameworks.sh\"\n";
			showEnvVarsInLog = 0;
		};
		EC0A627E6D46DF7D5D8CF471 /* [CP] Copy Pods Resources */ = {
			isa = PBXShellScriptBuildPhase;
			buildActionMask = 2147483647;
			files = (
			);
			inputPaths = (
			);
			name = "[CP] Copy Pods Resources";
			outputPaths = (
			);
			runOnlyForDeploymentPostprocessing = 0;
			shellPath = /bin/sh;
			shellScript = "\"${SRCROOT}/Pods/Target Support Files/Pods-DZJY/Pods-DZJY-resources.sh\"\n";
			showEnvVarsInLog = 0;
		};
		FCE56D67D9BE848D7E33A4EF /* [CP] Check Pods Manifest.lock */ = {
			isa = PBXShellScriptBuildPhase;
			buildActionMask = 2147483647;
			files = (
			);
			inputPaths = (
				"${PODS_PODFILE_DIR_PATH}/Podfile.lock",
				"${PODS_ROOT}/Manifest.lock",
			);
			name = "[CP] Check Pods Manifest.lock";
			outputPaths = (
				"$(DERIVED_FILE_DIR)/Pods-DZJY-checkManifestLockResult.txt",
			);
			runOnlyForDeploymentPostprocessing = 0;
			shellPath = /bin/sh;
			shellScript = "diff \"${PODS_PODFILE_DIR_PATH}/Podfile.lock\" \"${PODS_ROOT}/Manifest.lock\" > /dev/null\nif [ $? != 0 ] ; then\n    # print error to STDERR\n    echo \"error: The sandbox is not in sync with the Podfile.lock. Run 'pod install' or update your CocoaPods installation.\" >&2\n    exit 1\nfi\n# This output is used by Xcode 'outputs' to avoid re-running this script phase.\necho \"SUCCESS\" > \"${SCRIPT_OUTPUT_FILE_0}\"\n";
			showEnvVarsInLog = 0;
		};
/* End PBXShellScriptBuildPhase section */

/* Begin PBXSourcesBuildPhase section */
		1EAD73BE2068CD1C00BD7EF7 /* Sources */ = {
			isa = PBXSourcesBuildPhase;
			buildActionMask = 2147483647;
			files = (
				1EAD74032068EE5700BD7EF7 /* UIToolbar+Builder.m in Sources */,
				1EA0479E2069E6D30029C481 /* DZTitleView.m in Sources */,
				1E530296206934E20010D78A /* DZRequestMananger.m in Sources */,
				1EAD740D2068EF5300BD7EF7 /* UITableView+Adapter.m in Sources */,
				1EAD74062068EE6100BD7EF7 /* NSDate+AES.m in Sources */,
				1E530298206934E80010D78A /* DZResponseHandler.m in Sources */,
				1EAD73D52068CD1C00BD7EF7 /* main.m in Sources */,
				1EAD73F02068EA1100BD7EF7 /* UIColor+Instance.m in Sources */,
				1EA047B1206A1D1A0029C481 /* DZTestAdapter.m in Sources */,
				1EA047A22069EA8B0029C481 /* DZBaseViewController.m in Sources */,
				1EA047AE206A10170029C481 /* DZTableViewController.m in Sources */,
				1EAD74052068EE5E00BD7EF7 /* NSString+MD5.m in Sources */,
				1EAD74102068EF9900BD7EF7 /* DZTableViewAdapter.m in Sources */,
				1EA047AB2069F09F0029C481 /* DZTabBarViewController.m in Sources */,
				1EAD73F52068EB8800BD7EF7 /* DZAlertview.m in Sources */,
				1EAD74042068EE5A00BD7EF7 /* NSString+PDRegex.m in Sources */,
				1E530297206934E50010D78A /* DZRequestParams.m in Sources */,
				1EAD73F82068ECCB00BD7EF7 /* DZPathGetter.m in Sources */,
				1EAD73F22068EA1D00BD7EF7 /* HudUtils.m in Sources */,
				1EAD73F12068EA1900BD7EF7 /* DZApplication.m in Sources */,
				1EA047A82069EE360029C481 /* DZMineViewController.m in Sources */,
				1EAD73C72068CD1C00BD7EF7 /* AppDelegate.m in Sources */,
				1EA047A52069EDAD0029C481 /* DZHomeViewController.m in Sources */,
			);
			runOnlyForDeploymentPostprocessing = 0;
		};
/* End PBXSourcesBuildPhase section */

/* Begin XCBuildConfiguration section */
		1EAD73D62068CD1C00BD7EF7 /* Debug */ = {
			isa = XCBuildConfiguration;
			buildSettings = {
				ALWAYS_SEARCH_USER_PATHS = NO;
				CLANG_ANALYZER_NONNULL = YES;
				CLANG_ANALYZER_NUMBER_OBJECT_CONVERSION = YES_AGGRESSIVE;
				CLANG_CXX_LANGUAGE_STANDARD = "gnu++14";
				CLANG_CXX_LIBRARY = "libc++";
				CLANG_ENABLE_MODULES = YES;
				CLANG_ENABLE_OBJC_ARC = YES;
				CLANG_WARN_BLOCK_CAPTURE_AUTORELEASING = YES;
				CLANG_WARN_BOOL_CONVERSION = YES;
				CLANG_WARN_COMMA = YES;
				CLANG_WARN_CONSTANT_CONVERSION = YES;
				CLANG_WARN_DIRECT_OBJC_ISA_USAGE = YES_ERROR;
				CLANG_WARN_DOCUMENTATION_COMMENTS = YES;
				CLANG_WARN_EMPTY_BODY = YES;
				CLANG_WARN_ENUM_CONVERSION = YES;
				CLANG_WARN_INFINITE_RECURSION = YES;
				CLANG_WARN_INT_CONVERSION = YES;
				CLANG_WARN_NON_LITERAL_NULL_CONVERSION = YES;
				CLANG_WARN_OBJC_LITERAL_CONVERSION = YES;
				CLANG_WARN_OBJC_ROOT_CLASS = YES_ERROR;
				CLANG_WARN_RANGE_LOOP_ANALYSIS = YES;
				CLANG_WARN_STRICT_PROTOTYPES = YES;
				CLANG_WARN_SUSPICIOUS_MOVE = YES;
				CLANG_WARN_UNGUARDED_AVAILABILITY = YES_AGGRESSIVE;
				CLANG_WARN_UNREACHABLE_CODE = YES;
				CLANG_WARN__DUPLICATE_METHOD_MATCH = YES;
				CODE_SIGN_IDENTITY = "iPhone Developer";
				COPY_PHASE_STRIP = NO;
				DEBUG_INFORMATION_FORMAT = dwarf;
				ENABLE_STRICT_OBJC_MSGSEND = YES;
				ENABLE_TESTABILITY = YES;
				GCC_C_LANGUAGE_STANDARD = gnu11;
				GCC_DYNAMIC_NO_PIC = NO;
				GCC_NO_COMMON_BLOCKS = YES;
				GCC_OPTIMIZATION_LEVEL = 0;
				GCC_PREPROCESSOR_DEFINITIONS = (
					"DEBUG=1",
					"$(inherited)",
				);
				GCC_WARN_64_TO_32_BIT_CONVERSION = YES;
				GCC_WARN_ABOUT_RETURN_TYPE = YES_ERROR;
				GCC_WARN_UNDECLARED_SELECTOR = YES;
				GCC_WARN_UNINITIALIZED_AUTOS = YES_AGGRESSIVE;
				GCC_WARN_UNUSED_FUNCTION = YES;
				GCC_WARN_UNUSED_VARIABLE = YES;
				IPHONEOS_DEPLOYMENT_TARGET = 9.0;
				MTL_ENABLE_DEBUG_INFO = YES;
				ONLY_ACTIVE_ARCH = YES;
				SDKROOT = iphoneos;
			};
			name = Debug;
		};
		1EAD73D72068CD1C00BD7EF7 /* Release */ = {
			isa = XCBuildConfiguration;
			buildSettings = {
				ALWAYS_SEARCH_USER_PATHS = NO;
				CLANG_ANALYZER_NONNULL = YES;
				CLANG_ANALYZER_NUMBER_OBJECT_CONVERSION = YES_AGGRESSIVE;
				CLANG_CXX_LANGUAGE_STANDARD = "gnu++14";
				CLANG_CXX_LIBRARY = "libc++";
				CLANG_ENABLE_MODULES = YES;
				CLANG_ENABLE_OBJC_ARC = YES;
				CLANG_WARN_BLOCK_CAPTURE_AUTORELEASING = YES;
				CLANG_WARN_BOOL_CONVERSION = YES;
				CLANG_WARN_COMMA = YES;
				CLANG_WARN_CONSTANT_CONVERSION = YES;
				CLANG_WARN_DIRECT_OBJC_ISA_USAGE = YES_ERROR;
				CLANG_WARN_DOCUMENTATION_COMMENTS = YES;
				CLANG_WARN_EMPTY_BODY = YES;
				CLANG_WARN_ENUM_CONVERSION = YES;
				CLANG_WARN_INFINITE_RECURSION = YES;
				CLANG_WARN_INT_CONVERSION = YES;
				CLANG_WARN_NON_LITERAL_NULL_CONVERSION = YES;
				CLANG_WARN_OBJC_LITERAL_CONVERSION = YES;
				CLANG_WARN_OBJC_ROOT_CLASS = YES_ERROR;
				CLANG_WARN_RANGE_LOOP_ANALYSIS = YES;
				CLANG_WARN_STRICT_PROTOTYPES = YES;
				CLANG_WARN_SUSPICIOUS_MOVE = YES;
				CLANG_WARN_UNGUARDED_AVAILABILITY = YES_AGGRESSIVE;
				CLANG_WARN_UNREACHABLE_CODE = YES;
				CLANG_WARN__DUPLICATE_METHOD_MATCH = YES;
				CODE_SIGN_IDENTITY = "iPhone Developer";
				COPY_PHASE_STRIP = NO;
				DEBUG_INFORMATION_FORMAT = "dwarf-with-dsym";
				ENABLE_NS_ASSERTIONS = NO;
				ENABLE_STRICT_OBJC_MSGSEND = YES;
				GCC_C_LANGUAGE_STANDARD = gnu11;
				GCC_NO_COMMON_BLOCKS = YES;
				GCC_WARN_64_TO_32_BIT_CONVERSION = YES;
				GCC_WARN_ABOUT_RETURN_TYPE = YES_ERROR;
				GCC_WARN_UNDECLARED_SELECTOR = YES;
				GCC_WARN_UNINITIALIZED_AUTOS = YES_AGGRESSIVE;
				GCC_WARN_UNUSED_FUNCTION = YES;
				GCC_WARN_UNUSED_VARIABLE = YES;
				IPHONEOS_DEPLOYMENT_TARGET = 9.0;
				MTL_ENABLE_DEBUG_INFO = NO;
				SDKROOT = iphoneos;
				VALIDATE_PRODUCT = YES;
			};
			name = Release;
		};
		1EAD73D92068CD1C00BD7EF7 /* Debug */ = {
			isa = XCBuildConfiguration;
			baseConfigurationReference = 42658121941B52AEDD69FFE3 /* Pods-DZJY.debug.xcconfig */;
			buildSettings = {
				ASSETCATALOG_COMPILER_APPICON_NAME = AppIcon;
				"CODE_SIGN_IDENTITY[sdk=iphoneos*]" = "iPhone Distribution";
				CODE_SIGN_STYLE = Manual;
				DEVELOPMENT_TEAM = KV6HMUKUQR;
				GCC_PREFIX_HEADER = DZJY/DZHeader.h;
				INFOPLIST_FILE = DZJY/Info.plist;
				LD_RUNPATH_SEARCH_PATHS = "$(inherited) @executable_path/Frameworks";
				PRODUCT_BUNDLE_IDENTIFIER = com.pingxing.pxxtest;
				PRODUCT_NAME = "$(TARGET_NAME)";
				PROVISIONING_PROFILE = "bec314da-a4f5-4e78-9f42-f20f61cb8c54";
				PROVISIONING_PROFILE_SPECIFIER = pxxtest;
				TARGETED_DEVICE_FAMILY = "1,2";
			};
			name = Debug;
		};
		1EAD73DA2068CD1C00BD7EF7 /* Release */ = {
			isa = XCBuildConfiguration;
			baseConfigurationReference = F150777D512D1550EFA07AB0 /* Pods-DZJY.release.xcconfig */;
			buildSettings = {
				ASSETCATALOG_COMPILER_APPICON_NAME = AppIcon;
				"CODE_SIGN_IDENTITY[sdk=iphoneos*]" = "iPhone Distribution";
				CODE_SIGN_STYLE = Manual;
				DEVELOPMENT_TEAM = KV6HMUKUQR;
				GCC_PREFIX_HEADER = DZJY/DZHeader.h;
				INFOPLIST_FILE = DZJY/Info.plist;
				LD_RUNPATH_SEARCH_PATHS = "$(inherited) @executable_path/Frameworks";
				PRODUCT_BUNDLE_IDENTIFIER = com.pingxing.pxxtest;
				PRODUCT_NAME = "$(TARGET_NAME)";
				PROVISIONING_PROFILE = "bec314da-a4f5-4e78-9f42-f20f61cb8c54";
				PROVISIONING_PROFILE_SPECIFIER = pxxtest;
				TARGETED_DEVICE_FAMILY = "1,2";
			};
			name = Release;
		};
/* End XCBuildConfiguration section */

/* Begin XCConfigurationList section */
		1EAD73BD2068CD1C00BD7EF7 /* Build configuration list for PBXProject "DZJY" */ = {
			isa = XCConfigurationList;
			buildConfigurations = (
				1EAD73D62068CD1C00BD7EF7 /* Debug */,
				1EAD73D72068CD1C00BD7EF7 /* Release */,
			);
			defaultConfigurationIsVisible = 0;
			defaultConfigurationName = Release;
		};
		1EAD73D82068CD1C00BD7EF7 /* Build configuration list for PBXNativeTarget "DZJY" */ = {
			isa = XCConfigurationList;
			buildConfigurations = (
				1EAD73D92068CD1C00BD7EF7 /* Debug */,
				1EAD73DA2068CD1C00BD7EF7 /* Release */,
			);
			defaultConfigurationIsVisible = 0;
			defaultConfigurationName = Release;
		};
/* End XCConfigurationList section */
	};
	rootObject = 1EAD73BA2068CD1C00BD7EF7 /* Project object */;
}
